
Microsoft Visual Studio Solution File, Format Version 12.00
# Visual Studio Version 16
VisualStudioVersion = 16.0.30114.105
MinimumVisualStudioVersion = 10.0.40219.1
Project("{2150E333-8FDC-42A3-9474-1A3956D46DE8}") = "src", "src", "{7DE89F12-9E64-494F-A81E-1219C2881502}"
EndProject
Project("{2150E333-8FDC-42A3-9474-1A3956D46DE8}") = "core", "core", "{C2A7DAD3-44A4-4D22-864B-369370091212}"
EndProject
Project("{FAE04EC0-301F-11D3-BF4B-00C04F79EFBC}") = "Travel.Domain", "src\core\Travel.Domain\Travel.Domain.csproj", "{53860E9C-6CF2-4509-B66B-6D1E4989D878}"
EndProject
Project("{FAE04EC0-301F-11D3-BF4B-00C04F79EFBC}") = "Travel.Application", "src\core\Travel.Application\Travel.Application.csproj", "{9CB21ABC-7E26-4EEC-9E6D-3B9945ED69CD}"
EndProject
Project("{2150E333-8FDC-42A3-9474-1A3956D46DE8}") = "infrastructure", "infrastructure", "{EF0E97B8-BCDD-46A5-8DDD-0E3235F4093A}"
EndProject
Project("{FAE04EC0-301F-11D3-BF4B-00C04F79EFBC}") = "Travel.Data", "src\infrastructure\Travel.Data\Travel.Data.csproj", "{FC915CE7-11BE-45AE-AC82-B1B3436D11C0}"
EndProject
Project("{FAE04EC0-301F-11D3-BF4B-00C04F79EFBC}") = "Travel.Shared", "src\infrastructure\Travel.Shared\Travel.Shared.csproj", "{AAA5FC8F-B934-4AE3-816C-4044D0010A66}"
EndProject
Project("{2150E333-8FDC-42A3-9474-1A3956D46DE8}") = "presentation", "presentation", "{87F4450F-8625-4959-8339-200FD956BF5F}"
EndProject
Project("{FAE04EC0-301F-11D3-BF4B-00C04F79EFBC}") = "Travel.WebApi", "src\presentation\Travel.WebApi\Travel.WebApi.csproj", "{9616BC4C-EAB1-447A-BF8B-C50D7983E24E}"
EndProject
Global
	GlobalSection(SolutionConfigurationPlatforms) = preSolution
		Debug|Any CPU = Debug|Any CPU
		Debug|x64 = Debug|x64
		Debug|x86 = Debug|x86
		Release|Any CPU = Release|Any CPU
		Release|x64 = Release|x64
		Release|x86 = Release|x86
	EndGlobalSection
	GlobalSection(SolutionProperties) = preSolution
		HideSolutionNode = FALSE
	EndGlobalSection
	GlobalSection(ProjectConfigurationPlatforms) = postSolution
		{53860E9C-6CF2-4509-B66B-6D1E4989D878}.Debug|Any CPU.ActiveCfg = Debug|Any CPU
		{53860E9C-6CF2-4509-B66B-6D1E4989D878}.Debug|Any CPU.Build.0 = Debug|Any CPU
		{53860E9C-6CF2-4509-B66B-6D1E4989D878}.Debug|x64.ActiveCfg = Debug|Any CPU
		{53860E9C-6CF2-4509-B66B-6D1E4989D878}.Debug|x64.Build.0 = Debug|Any CPU
		{53860E9C-6CF2-4509-B66B-6D1E4989D878}.Debug|x86.ActiveCfg = Debug|Any CPU
		{53860E9C-6CF2-4509-B66B-6D1E4989D878}.Debug|x86.Build.0 = Debug|Any CPU
		{53860E9C-6CF2-4509-B66B-6D1E4989D878}.Release|Any CPU.ActiveCfg = Release|Any CPU
		{53860E9C-6CF2-4509-B66B-6D1E4989D878}.Release|Any CPU.Build.0 = Release|Any CPU
		{53860E9C-6CF2-4509-B66B-6D1E4989D878}.Release|x64.ActiveCfg = Release|Any CPU
		{53860E9C-6CF2-4509-B66B-6D1E4989D878}.Release|x64.Build.0 = Release|Any CPU
		{53860E9C-6CF2-4509-B66B-6D1E4989D878}.Release|x86.ActiveCfg = Release|Any CPU
		{53860E9C-6CF2-4509-B66B-6D1E4989D878}.Release|x86.Build.0 = Release|Any CPU
		{9CB21ABC-7E26-4EEC-9E6D-3B9945ED69CD}.Debug|Any CPU.ActiveCfg = Debug|Any CPU
		{9CB21ABC-7E26-4EEC-9E6D-3B9945ED69CD}.Debug|Any CPU.Build.0 = Debug|Any CPU
		{9CB21ABC-7E26-4EEC-9E6D-3B9945ED69CD}.Debug|x64.ActiveCfg = Debug|Any CPU
		{9CB21ABC-7E26-4EEC-9E6D-3B9945ED69CD}.Debug|x64.Build.0 = Debug|Any CPU
		{9CB21ABC-7E26-4EEC-9E6D-3B9945ED69CD}.Debug|x86.ActiveCfg = Debug|Any CPU
		{9CB21ABC-7E26-4EEC-9E6D-3B9945ED69CD}.Debug|x86.Build.0 = Debug|Any CPU
		{9CB21ABC-7E26-4EEC-9E6D-3B9945ED69CD}.Release|Any CPU.ActiveCfg = Release|Any CPU
		{9CB21ABC-7E26-4EEC-9E6D-3B9945ED69CD}.Release|Any CPU.Build.0 = Release|Any CPU
		{9CB21ABC-7E26-4EEC-9E6D-3B9945ED69CD}.Release|x64.ActiveCfg = Release|Any CPU
		{9CB21ABC-7E26-4EEC-9E6D-3B9945ED69CD}.Release|x64.Build.0 = Release|Any CPU
		{9CB21ABC-7E26-4EEC-9E6D-3B9945ED69CD}.Release|x86.ActiveCfg = Release|Any CPU
		{9CB21ABC-7E26-4EEC-9E6D-3B9945ED69CD}.Release|x86.Build.0 = Release|Any CPU
		{FC915CE7-11BE-45AE-AC82-B1B3436D11C0}.Debug|Any CPU.ActiveCfg = Debug|Any CPU
		{FC915CE7-11BE-45AE-AC82-B1B3436D11C0}.Debug|Any CPU.Build.0 = Debug|Any CPU
		{FC915CE7-11BE-45AE-AC82-B1B3436D11C0}.Debug|x64.ActiveCfg = Debug|Any CPU
		{FC915CE7-11BE-45AE-AC82-B1B3436D11C0}.Debug|x64.Build.0 = Debug|Any CPU
		{FC915CE7-11BE-45AE-AC82-B1B3436D11C0}.Debug|x86.ActiveCfg = Debug|Any CPU
		{FC915CE7-11BE-45AE-AC82-B1B3436D11C0}.Debug|x86.Build.0 = Debug|Any CPU
		{FC915CE7-11BE-45AE-AC82-B1B3436D11C0}.Release|Any CPU.ActiveCfg = Release|Any CPU
		{FC915CE7-11BE-45AE-AC82-B1B3436D11C0}.Release|Any CPU.Build.0 = Release|Any CPU
		{FC915CE7-11BE-45AE-AC82-B1B3436D11C0}.Release|x64.ActiveCfg = Release|Any CPU
		{FC915CE7-11BE-45AE-AC82-B1B3436D11C0}.Release|x64.Build.0 = Release|Any CPU
		{FC915CE7-11BE-45AE-AC82-B1B3436D11C0}.Release|x86.ActiveCfg = Release|Any CPU
		{FC915CE7-11BE-45AE-AC82-B1B3436D11C0}.Release|x86.Build.0 = Release|Any CPU
		{AAA5FC8F-B934-4AE3-816C-4044D0010A66}.Debug|Any CPU.ActiveCfg = Debug|Any CPU
		{AAA5FC8F-B934-4AE3-816C-4044D0010A66}.Debug|Any CPU.Build.0 = Debug|Any CPU
		{AAA5FC8F-B934-4AE3-816C-4044D0010A66}.Debug|x64.ActiveCfg = Debug|Any CPU
		{AAA5FC8F-B934-4AE3-816C-4044D0010A66}.Debug|x64.Build.0 = Debug|Any CPU
		{AAA5FC8F-B934-4AE3-816C-4044D0010A66}.Debug|x86.ActiveCfg = Debug|Any CPU
		{AAA5FC8F-B934-4AE3-816C-4044D0010A66}.Debug|x86.Build.0 = Debug|Any CPU
		{AAA5FC8F-B934-4AE3-816C-4044D0010A66}.Release|Any CPU.ActiveCfg = Release|Any CPU
		{AAA5FC8F-B934-4AE3-816C-4044D0010A66}.Release|Any CPU.Build.0 = Release|Any CPU
		{AAA5FC8F-B934-4AE3-816C-4044D0010A66}.Release|x64.ActiveCfg = Release|Any CPU
		{AAA5FC8F-B934-4AE3-816C-4044D0010A66}.Release|x64.Build.0 = Release|Any CPU
		{AAA5FC8F-B934-4AE3-816C-4044D0010A66}.Release|x86.ActiveCfg = Release|Any CPU
		{AAA5FC8F-B934-4AE3-816C-4044D0010A66}.Release|x86.Build.0 = Release|Any CPU
		{9616BC4C-EAB1-447A-BF8B-C50D7983E24E}.Debug|Any CPU.ActiveCfg = Debug|Any CPU
		{9616BC4C-EAB1-447A-BF8B-C50D7983E24E}.Debug|Any CPU.Build.0 = Debug|Any CPU
		{9616BC4C-EAB1-447A-BF8B-C50D7983E24E}.Debug|x64.ActiveCfg = Debug|Any CPU
		{9616BC4C-EAB1-447A-BF8B-C50D7983E24E}.Debug|x64.Build.0 = Debug|Any CPU
		{9616BC4C-EAB1-447A-BF8B-C50D7983E24E}.Debug|x86.ActiveCfg = Debug|Any CPU
		{9616BC4C-EAB1-447A-BF8B-C50D7983E24E}.Debug|x86.Build.0 = Debug|Any CPU
		{9616BC4C-EAB1-447A-BF8B-C50D7983E24E}.Release|Any CPU.ActiveCfg = Release|Any CPU
		{9616BC4C-EAB1-447A-BF8B-C50D7983E24E}.Release|Any CPU.Build.0 = Release|Any CPU
		{9616BC4C-EAB1-447A-BF8B-C50D7983E24E}.Release|x64.ActiveCfg = Release|Any CPU
		{9616BC4C-EAB1-447A-BF8B-C50D7983E24E}.Release|x64.Build.0 = Release|Any CPU
		{9616BC4C-EAB1-447A-BF8B-C50D7983E24E}.Release|x86.ActiveCfg = Release|Any CPU
		{9616BC4C-EAB1-447A-BF8B-C50D7983E24E}.Release|x86.Build.0 = Release|Any CPU
	EndGlobalSection
	GlobalSection(NestedProjects) = preSolution
		{C2A7DAD3-44A4-4D22-864B-369370091212} = {7DE89F12-9E64-494F-A81E-1219C2881502}
		{53860E9C-6CF2-4509-B66B-6D1E4989D878} = {C2A7DAD3-44A4-4D22-864B-369370091212}
		{9CB21ABC-7E26-4EEC-9E6D-3B9945ED69CD} = {C2A7DAD3-44A4-4D22-864B-369370091212}
		{EF0E97B8-BCDD-46A5-8DDD-0E3235F4093A} = {7DE89F12-9E64-494F-A81E-1219C2881502}
		{FC915CE7-11BE-45AE-AC82-B1B3436D11C0} = {EF0E97B8-BCDD-46A5-8DDD-0E3235F4093A}
		{AAA5FC8F-B934-4AE3-816C-4044D0010A66} = {EF0E97B8-BCDD-46A5-8DDD-0E3235F4093A}
		{87F4450F-8625-4959-8339-200FD956BF5F} = {7DE89F12-9E64-494F-A81E-1219C2881502}
		{9616BC4C-EAB1-447A-BF8B-C50D7983E24E} = {87F4450F-8625-4959-8339-200FD956BF5F}
	EndGlobalSection
EndGlobal
